{
    "_readme": [
        "This file locks the dependencies of your project to a known state",
        "Read more about it at http://getcomposer.org/doc/01-basic-usage.md#composer-lock-the-lock-file"
    ],
    "hash": "80234c316d010db08f1f36f1d013e136",
    "packages": [
        {
            "name": "twitter/bootstrap",
            "version": "dev-master",
            "source": {
                "type": "git",
                "url": "https://github.com/twitter/bootstrap.git",
                "reference": "v2.3.2"
            },
            "dist": {
                "type": "zip",
                "url": "https://api.github.com/repos/twitter/bootstrap/zipball/v2.3.2",
                "reference": "v2.3.2",
                "shasum": ""
            },
            "type": "library",
            "notification-url": "https://packagist.org/downloads/",
            "license": [
                "Apache-2.0"
            ],
            "description": "Sleek, intuitive, and powerful front-end framework for faster and easier web development.",
            "homepage": "http://twitter.github.com/bootstrap/",
            "keywords": [
                "bootstrap",
                "css"
            ],
            "time": "2013-05-17 17:26:09"
        }
    ],
    "packages-dev": [

    ],
    "aliases": [

    ],
    "minimum-stability": "stable",
    "stability-flags": {
        "twitter/bootstrap": 20
    },
    "platform": [

    ],
    "platform-dev": [

    ]
}
